
Microsoft Visual Studio Solution File, Format Version 12.00
# Visual Studio Version 17
VisualStudioVersion = 17.14.36603.0
MinimumVisualStudioVersion = 10.0.40219.1
Project("{FAE04EC0-301F-11D3-BF4B-00C04F79EFBC}") = "TambayanCafeAPI", "TambayanCafeAPI.csproj", "{61795D57-761B-4F5E-9E0F-3A9E45BD33E0}"
EndProject
Global
	GlobalSection(SolutionConfigurationPlatforms) = preSolution
		Debug|Any CPU = Debug|Any CPU
		Release|Any CPU = Release|Any CPU
	EndGlobalSection
	GlobalSection(ProjectConfigurationPlatforms) = postSolution
		{61795D57-761B-4F5E-9E0F-3A9E45BD33E0}.Debug|Any CPU.ActiveCfg = Debug|Any CPU
		{61795D57-761B-4F5E-9E0F-3A9E45BD33E0}.Debug|Any CPU.Build.0 = Debug|Any CPU
		{61795D57-761B-4F5E-9E0F-3A9E45BD33E0}.Release|Any CPU.ActiveCfg = Release|Any CPU
		{61795D57-761B-4F5E-9E0F-3A9E45BD33E0}.Release|Any CPU.Build.0 = Release|Any CPU
	EndGlobalSection
	GlobalSection(SolutionProperties) = preSolution
		HideSolutionNode = FALSE
	EndGlobalSection
	GlobalSection(ExtensibilityGlobals) = postSolution
		SolutionGuid = {AE4B52B6-AED1-4CD8-8EF4-BAE2C5F64065}
	EndGlobalSection
EndGlobal
